
Microsoft Visual Studio Solution File, Format Version 12.00
# Visual Studio Version 16
VisualStudioVersion = 16.0.34407.143
MinimumVisualStudioVersion = 10.0.40219.1
Project("{FAE04EC0-301F-11D3-BF4B-00C04F79EFBC}") = "UsersManagement.APİ", "WebApplication4\UsersManagement.APİ.csproj", "{A9CB9386-DE28-4F96-A849-936DEAB8FF7A}"
EndProject
Global
	GlobalSection(SolutionConfigurationPlatforms) = preSolution
		Debug|Any CPU = Debug|Any CPU
		Release|Any CPU = Release|Any CPU
	EndGlobalSection
	GlobalSection(ProjectConfigurationPlatforms) = postSolution
		{A9CB9386-DE28-4F96-A849-936DEAB8FF7A}.Debug|Any CPU.ActiveCfg = Debug|Any CPU
		{A9CB9386-DE28-4F96-A849-936DEAB8FF7A}.Debug|Any CPU.Build.0 = Debug|Any CPU
		{A9CB9386-DE28-4F96-A849-936DEAB8FF7A}.Release|Any CPU.ActiveCfg = Release|Any CPU
		{A9CB9386-DE28-4F96-A849-936DEAB8FF7A}.Release|Any CPU.Build.0 = Release|Any CPU
	EndGlobalSection
	GlobalSection(SolutionProperties) = preSolution
		HideSolutionNode = FALSE
	EndGlobalSection
	GlobalSection(ExtensibilityGlobals) = postSolution
		SolutionGuid = {0C6BFBBB-4964-481B-9612-262095362804}
	EndGlobalSection
EndGlobal
